{
  "nodes": {
    "dirstamp": {
      "inputs": {
        "flake-utils": "flake-utils_3",
        "nixpkgs": [
          "jgrestic",
          "nixpkgs"
        ]
      },
      "locked": {
        "lastModified": 1674361106,
        "narHash": "sha256-XSSyWjT6t7gphbA4hjazbacihcSdmEjz4zRtkx+pNgw=",
        "owner": "orangeturtle739",
        "repo": "dirstamp",
        "rev": "46cb4d361ddd0e6712bc0bab02c0fcbcc5e8f5fe",
        "type": "github"
      },
      "original": {
        "owner": "orangeturtle739",
        "repo": "dirstamp",
        "type": "github"
      }
    },
    "dirstamp_2": {
      "inputs": {
        "flake-utils": "flake-utils_6",
        "nixpkgs": [
          "jgsysutil",
          "nixpkgs"
        ]
      },
      "locked": {
        "lastModified": 1674361106,
        "narHash": "sha256-XSSyWjT6t7gphbA4hjazbacihcSdmEjz4zRtkx+pNgw=",
        "owner": "orangeturtle739",
        "repo": "dirstamp",
        "rev": "46cb4d361ddd0e6712bc0bab02c0fcbcc5e8f5fe",
        "type": "github"
      },
      "original": {
        "owner": "orangeturtle739",
        "repo": "dirstamp",
        "type": "github"
      }
    },
    "duckdns-update": {
      "inputs": {
        "flake-utils": "flake-utils",
        "nixpkgs": [
          "nixpkgs"
        ]
      },
      "locked": {
        "lastModified": 1674358871,
        "narHash": "sha256-yrhu6TAZARJwm44YPDNjQKkDAWIr86V4w7ftc0ElvMM=",
        "owner": "orangeturtle739",
        "repo": "duckdns-update",
        "rev": "370235b22e6fee2a94b7d39f3355565ab8fedc63",
        "type": "github"
      },
      "original": {
        "owner": "orangeturtle739",
        "repo": "duckdns-update",
        "type": "github"
      }
    },
    "flake-utils": {
      "locked": {
        "lastModified": 1656928814,
        "narHash": "sha256-RIFfgBuKz6Hp89yRr7+NR5tzIAbn52h8vT6vXkYjZoM=",
        "owner": "numtide",
        "repo": "flake-utils",
        "rev": "7e2a3b3dfd9af950a856d66b0a7d01e3c18aa249",
        "type": "github"
      },
      "original": {
        "owner": "numtide",
        "repo": "flake-utils",
        "type": "github"
      }
    },
    "flake-utils_2": {
      "inputs": {
        "systems": "systems"
      },
      "locked": {
        "lastModified": 1726560853,
        "narHash": "sha256-X6rJYSESBVr3hBoH0WbKE5KvhPU5bloyZ2L4K60/fPQ=",
        "owner": "numtide",
        "repo": "flake-utils",
        "rev": "c1dfcf08411b08f6b8615f7d8971a2bfa81d5e8a",
        "type": "github"
      },
      "original": {
        "owner": "numtide",
        "repo": "flake-utils",
        "type": "github"
      }
    },
    "flake-utils_3": {
      "locked": {
        "lastModified": 1597053966,
        "narHash": "sha256-f9lbPS/GJ1His8fsDqM6gfa8kSqREU4eKiMCS5hrKg4=",
        "owner": "numtide",
        "repo": "flake-utils",
        "rev": "ec20f52e2ff61e9c36c2b894b62fc1b4bd04c71b",
        "type": "github"
      },
      "original": {
        "owner": "numtide",
        "repo": "flake-utils",
        "type": "github"
      }
    },
    "flake-utils_4": {
      "locked": {
        "lastModified": 1667395993,
        "narHash": "sha256-nuEHfE/LcWyuSWnS8t12N1wc105Qtau+/OdUAjtQ0rA=",
        "owner": "numtide",
        "repo": "flake-utils",
        "rev": "5aed5285a952e0b949eb3ba02c12fa4fcfef535f",
        "type": "github"
      },
      "original": {
        "owner": "numtide",
        "repo": "flake-utils",
        "type": "github"
      }
    },
    "flake-utils_5": {
      "locked": {
        "lastModified": 1642700792,
        "narHash": "sha256-XqHrk7hFb+zBvRg6Ghl+AZDq03ov6OshJLiSWOoX5es=",
        "owner": "numtide",
        "repo": "flake-utils",
        "rev": "846b2ae0fc4cc943637d3d1def4454213e203cba",
        "type": "github"
      },
      "original": {
        "owner": "numtide",
        "repo": "flake-utils",
        "type": "github"
      }
    },
    "flake-utils_6": {
      "locked": {
        "lastModified": 1597053966,
        "narHash": "sha256-f9lbPS/GJ1His8fsDqM6gfa8kSqREU4eKiMCS5hrKg4=",
        "owner": "numtide",
        "repo": "flake-utils",
        "rev": "ec20f52e2ff61e9c36c2b894b62fc1b4bd04c71b",
        "type": "github"
      },
      "original": {
        "owner": "numtide",
        "repo": "flake-utils",
        "type": "github"
      }
    },
    "flake-utils_7": {
      "locked": {
        "lastModified": 1667395993,
        "narHash": "sha256-nuEHfE/LcWyuSWnS8t12N1wc105Qtau+/OdUAjtQ0rA=",
        "owner": "numtide",
        "repo": "flake-utils",
        "rev": "5aed5285a952e0b949eb3ba02c12fa4fcfef535f",
        "type": "github"
      },
      "original": {
        "owner": "numtide",
        "repo": "flake-utils",
        "type": "github"
      }
    },
    "flake-utils_8": {
      "locked": {
        "lastModified": 1642700792,
        "narHash": "sha256-XqHrk7hFb+zBvRg6Ghl+AZDq03ov6OshJLiSWOoX5es=",
        "owner": "numtide",
        "repo": "flake-utils",
        "rev": "846b2ae0fc4cc943637d3d1def4454213e203cba",
        "type": "github"
      },
      "original": {
        "owner": "numtide",
        "repo": "flake-utils",
        "type": "github"
      }
    },
    "home-manager": {
      "inputs": {
        "nixpkgs": [
          "nixpkgs"
        ]
      },
      "locked": {
        "lastModified": 1726989464,
        "narHash": "sha256-Vl+WVTJwutXkimwGprnEtXc/s/s8sMuXzqXaspIGlwM=",
        "owner": "rycee",
        "repo": "home-manager",
        "rev": "2f23fa308a7c067e52dfcc30a0758f47043ec176",
        "type": "github"
      },
      "original": {
        "owner": "rycee",
        "ref": "release-24.05",
        "repo": "home-manager",
        "type": "github"
      }
    },
    "jgrestic": {
      "inputs": {
        "dirstamp": "dirstamp",
        "flake-utils": "flake-utils_4",
        "nixpkgs": [
          "nixpkgs"
        ],
        "unicmake": "unicmake"
      },
      "locked": {
        "lastModified": 1674438395,
        "narHash": "sha256-6rp7KTrKeD0gQTFuam3HjpdBJuCs04Cj9mL7ylk65MI=",
        "owner": "orangeturtle739",
        "repo": "jgrestic",
        "rev": "67fdccbd41200e8e0e194916ca59dc93392fe3c6",
        "type": "github"
      },
      "original": {
        "owner": "orangeturtle739",
        "repo": "jgrestic",
        "type": "github"
      }
    },
    "jgsysutil": {
      "inputs": {
        "dirstamp": "dirstamp_2",
        "flake-utils": "flake-utils_7",
        "nixpkgs": [
          "nixpkgs"
        ],
        "unicmake": "unicmake_2"
      },
      "locked": {
        "lastModified": 1674437838,
        "narHash": "sha256-EnEETzdxm71s/hZ6g3Cnjje282cojEnvTvMPBhu2i44=",
        "owner": "orangeturtle739",
        "repo": "jgsysutil",
        "rev": "2fff19c3bd3f6b7207b27f5c95519ecee8ea0eee",
        "type": "github"
      },
      "original": {
        "owner": "orangeturtle739",
        "repo": "jgsysutil",
        "type": "github"
      }
    },
    "nixpkgs": {
      "locked": {
        "lastModified": 1728328465,
        "narHash": "sha256-a0a0M1TmXMK34y3M0cugsmpJ4FJPT/xsblhpiiX1CXo=",
        "owner": "NixOS",
        "repo": "nixpkgs",
        "rev": "1bfbbbe5bbf888d675397c66bfdb275d0b99361c",
        "type": "github"
      },
      "original": {
        "owner": "NixOS",
        "ref": "nixos-24.05",
        "repo": "nixpkgs",
        "type": "github"
      }
    },
    "root": {
      "inputs": {
        "duckdns-update": "duckdns-update",
        "flake-utils": "flake-utils_2",
        "home-manager": "home-manager",
        "jgrestic": "jgrestic",
        "jgsysutil": "jgsysutil",
        "nixpkgs": "nixpkgs"
      }
    },
    "systems": {
      "locked": {
        "lastModified": 1681028828,
        "narHash": "sha256-Vy1rq5AaRuLzOxct8nz4T6wlgyUR7zLU309k9mBC768=",
        "owner": "nix-systems",
        "repo": "default",
        "rev": "da67096a3b9bf56a91d16901293e51ba5b49a27e",
        "type": "github"
      },
      "original": {
        "owner": "nix-systems",
        "repo": "default",
        "type": "github"
      }
    },
    "unicmake": {
      "inputs": {
        "flake-utils": "flake-utils_5",
        "nixpkgs": [
          "jgrestic",
          "nixpkgs"
        ]
      },
      "locked": {
        "lastModified": 1674437186,
        "narHash": "sha256-zexNI4d2CdBg5BegxktdXBL6dJ8XXEK1XrCqfV2jNr4=",
        "owner": "orangeturtle739",
        "repo": "unicmake",
        "rev": "18cf0d5e8c6ee3403a1b790314a5f040961e00c7",
        "type": "github"
      },
      "original": {
        "owner": "orangeturtle739",
        "repo": "unicmake",
        "type": "github"
      }
    },
    "unicmake_2": {
      "inputs": {
        "flake-utils": "flake-utils_8",
        "nixpkgs": [
          "jgsysutil",
          "nixpkgs"
        ]
      },
      "locked": {
        "lastModified": 1674437186,
        "narHash": "sha256-zexNI4d2CdBg5BegxktdXBL6dJ8XXEK1XrCqfV2jNr4=",
        "owner": "orangeturtle739",
        "repo": "unicmake",
        "rev": "18cf0d5e8c6ee3403a1b790314a5f040961e00c7",
        "type": "github"
      },
      "original": {
        "owner": "orangeturtle739",
        "repo": "unicmake",
        "type": "github"
      }
    }
  },
  "root": "root",
  "version": 7
}
