{
  "nodes": {
    "dirstamp": {
      "inputs": {
        "flake-utils": "flake-utils_3",
        "nixpkgs": "nixpkgs"
      },
      "locked": {
        "lastModified": 1597186328,
        "narHash": "sha256-lmitVbf5MhritRzgGzqvE6MIQOGn3wVrtNVR9tBQyV8=",
        "owner": "orangeturtle739",
        "repo": "dirstamp",
        "rev": "1ce021c7db9ed2157e51864753f6075c0df37b7c",
        "type": "github"
      },
      "original": {
        "owner": "orangeturtle739",
        "repo": "dirstamp",
        "type": "github"
      }
    },
    "dirstamp_2": {
      "inputs": {
        "flake-utils": "flake-utils_6",
        "nixpkgs": "nixpkgs_4"
      },
      "locked": {
        "lastModified": 1597186328,
        "narHash": "sha256-lmitVbf5MhritRzgGzqvE6MIQOGn3wVrtNVR9tBQyV8=",
        "owner": "orangeturtle739",
        "repo": "dirstamp",
        "rev": "1ce021c7db9ed2157e51864753f6075c0df37b7c",
        "type": "github"
      },
      "original": {
        "owner": "orangeturtle739",
        "repo": "dirstamp",
        "type": "github"
      }
    },
    "duckdns-update": {
      "inputs": {
        "flake-utils": "flake-utils",
        "nixpkgs": [
          "nixpkgs"
        ]
      },
      "locked": {
        "lastModified": 1599696504,
        "narHash": "sha256-ht8jW3djkaD4FFJYRKe1n8qq59vXgCz74jeljtpCYzY=",
        "owner": "orangeturtle739",
        "repo": "duckdns-update",
        "rev": "d72314f3514300b1ade33db8a73a77445f0fdbb8",
        "type": "github"
      },
      "original": {
        "owner": "orangeturtle739",
        "repo": "duckdns-update",
        "type": "github"
      }
    },
    "flake-utils": {
      "locked": {
        "lastModified": 1598466101,
        "narHash": "sha256-JPhv+Ay98KMWRVRFlLEK9+eLpvNjhTBGWdFKZsE97ck=",
        "owner": "numtide",
        "repo": "flake-utils",
        "rev": "a586a6b966d59f53f45a04f8891fbc017dc09dbe",
        "type": "github"
      },
      "original": {
        "owner": "numtide",
        "repo": "flake-utils",
        "type": "github"
      }
    },
    "flake-utils_2": {
      "locked": {
        "lastModified": 1638122382,
        "narHash": "sha256-sQzZzAbvKEqN9s0bzWuYmRaA03v40gaJ4+iL1LXjaeI=",
        "owner": "numtide",
        "repo": "flake-utils",
        "rev": "74f7e4319258e287b0f9cb95426c9853b282730b",
        "type": "github"
      },
      "original": {
        "owner": "numtide",
        "repo": "flake-utils",
        "type": "github"
      }
    },
    "flake-utils_3": {
      "locked": {
        "lastModified": 1597053966,
        "narHash": "sha256-f9lbPS/GJ1His8fsDqM6gfa8kSqREU4eKiMCS5hrKg4=",
        "owner": "numtide",
        "repo": "flake-utils",
        "rev": "ec20f52e2ff61e9c36c2b894b62fc1b4bd04c71b",
        "type": "github"
      },
      "original": {
        "owner": "numtide",
        "repo": "flake-utils",
        "type": "github"
      }
    },
    "flake-utils_4": {
      "locked": {
        "lastModified": 1600209923,
        "narHash": "sha256-zoOWauTliFEjI++esk6Jzk7QO5EKpddWXQm9yQK24iM=",
        "owner": "numtide",
        "repo": "flake-utils",
        "rev": "3cd06d3c1df6879c9e41cb2c33113df10566c760",
        "type": "github"
      },
      "original": {
        "owner": "numtide",
        "repo": "flake-utils",
        "type": "github"
      }
    },
    "flake-utils_5": {
      "locked": {
        "lastModified": 1601282935,
        "narHash": "sha256-WQAFV6sGGQxrRs3a+/Yj9xUYvhTpukQJIcMbIi7LCJ4=",
        "owner": "numtide",
        "repo": "flake-utils",
        "rev": "588973065fce51f4763287f0fda87a174d78bf48",
        "type": "github"
      },
      "original": {
        "owner": "numtide",
        "repo": "flake-utils",
        "type": "github"
      }
    },
    "flake-utils_6": {
      "locked": {
        "lastModified": 1597053966,
        "narHash": "sha256-f9lbPS/GJ1His8fsDqM6gfa8kSqREU4eKiMCS5hrKg4=",
        "owner": "numtide",
        "repo": "flake-utils",
        "rev": "ec20f52e2ff61e9c36c2b894b62fc1b4bd04c71b",
        "type": "github"
      },
      "original": {
        "owner": "numtide",
        "repo": "flake-utils",
        "type": "github"
      }
    },
    "flake-utils_7": {
      "locked": {
        "lastModified": 1601282935,
        "narHash": "sha256-WQAFV6sGGQxrRs3a+/Yj9xUYvhTpukQJIcMbIi7LCJ4=",
        "owner": "numtide",
        "repo": "flake-utils",
        "rev": "588973065fce51f4763287f0fda87a174d78bf48",
        "type": "github"
      },
      "original": {
        "owner": "numtide",
        "repo": "flake-utils",
        "type": "github"
      }
    },
    "flake-utils_8": {
      "locked": {
        "lastModified": 1601282935,
        "narHash": "sha256-WQAFV6sGGQxrRs3a+/Yj9xUYvhTpukQJIcMbIi7LCJ4=",
        "owner": "numtide",
        "repo": "flake-utils",
        "rev": "588973065fce51f4763287f0fda87a174d78bf48",
        "type": "github"
      },
      "original": {
        "owner": "numtide",
        "repo": "flake-utils",
        "type": "github"
      }
    },
    "home-manager": {
      "inputs": {
        "nixpkgs": [
          "nixpkgs"
        ]
      },
      "locked": {
        "lastModified": 1638281721,
        "narHash": "sha256-d3vAVFG6zov9NwjSuYntBiD+I5KjJLwX09c7uAzbONI=",
        "owner": "rycee",
        "repo": "home-manager",
        "rev": "7329ffc6e911106494183557fc249180d5422929",
        "type": "github"
      },
      "original": {
        "owner": "rycee",
        "ref": "release-21.05",
        "repo": "home-manager",
        "type": "github"
      }
    },
    "jgrestic": {
      "inputs": {
        "dirstamp": "dirstamp",
        "flake-utils": "flake-utils_4",
        "nixpkgs": "nixpkgs_2",
        "unicmake": "unicmake"
      },
      "locked": {
        "lastModified": 1606874811,
        "narHash": "sha256-igGAzkfRvwNCEiv9mxYdMYUCL0wLq7trHw1TmA6/rZA=",
        "owner": "orangeturtle739",
        "repo": "jgrestic",
        "rev": "b266be79fa044804ebd33f8884be335ec0497f86",
        "type": "github"
      },
      "original": {
        "owner": "orangeturtle739",
        "repo": "jgrestic",
        "type": "github"
      }
    },
    "jgsysutil": {
      "inputs": {
        "dirstamp": "dirstamp_2",
        "flake-utils": "flake-utils_7",
        "nixpkgs": [
          "nixpkgs"
        ],
        "unicmake": "unicmake_2"
      },
      "locked": {
        "lastModified": 1602446185,
        "narHash": "sha256-/TLGXDxxPcc2GUWALheX88cU54u1l37O747eD3nTLm4=",
        "owner": "orangeturtle739",
        "repo": "jgsysutil",
        "rev": "5e0f9a17a365908eeded8aefc05ad7a515790af5",
        "type": "github"
      },
      "original": {
        "owner": "orangeturtle739",
        "repo": "jgsysutil",
        "type": "github"
      }
    },
    "nixpkgs": {
      "locked": {
        "lastModified": 1596146801,
        "narHash": "sha256-a5n2B36ridgHRT1V3LjIjKmVeUsZ5P7fz0bWwiPQnLw=",
        "owner": "NixOS",
        "repo": "nixpkgs",
        "rev": "38516a273cd801fc151f6c3a1ed5e95124f492f6",
        "type": "github"
      },
      "original": {
        "owner": "NixOS",
        "ref": "nixos-20.03",
        "repo": "nixpkgs",
        "type": "github"
      }
    },
    "nixpkgs-unstable": {
      "locked": {
        "lastModified": 1642104392,
        "narHash": "sha256-m71b7MgMh9FDv4MnI5sg9MiBVW6DhE1zq+d/KlLWSC8=",
        "owner": "NixOS",
        "repo": "nixpkgs",
        "rev": "5aaed40d22f0d9376330b6fa413223435ad6fee5",
        "type": "github"
      },
      "original": {
        "owner": "NixOS",
        "ref": "nixos-unstable",
        "repo": "nixpkgs",
        "type": "github"
      }
    },
    "nixpkgs_2": {
      "locked": {
        "lastModified": 1600952868,
        "narHash": "sha256-U1HfLLrV7gs2u0hU1YjU4aDGbTC1uYtxyNu2TWXKXMY=",
        "owner": "NixOS",
        "repo": "nixpkgs",
        "rev": "5659cb448e9b615d642c5fe52779c2223e72f7eb",
        "type": "github"
      },
      "original": {
        "owner": "NixOS",
        "ref": "nixos-20.03",
        "repo": "nixpkgs",
        "type": "github"
      }
    },
    "nixpkgs_3": {
      "locked": {
        "lastModified": 1600952868,
        "narHash": "sha256-U1HfLLrV7gs2u0hU1YjU4aDGbTC1uYtxyNu2TWXKXMY=",
        "owner": "NixOS",
        "repo": "nixpkgs",
        "rev": "5659cb448e9b615d642c5fe52779c2223e72f7eb",
        "type": "github"
      },
      "original": {
        "owner": "NixOS",
        "ref": "nixos-20.03",
        "repo": "nixpkgs",
        "type": "github"
      }
    },
    "nixpkgs_4": {
      "locked": {
        "lastModified": 1596146801,
        "narHash": "sha256-a5n2B36ridgHRT1V3LjIjKmVeUsZ5P7fz0bWwiPQnLw=",
        "owner": "NixOS",
        "repo": "nixpkgs",
        "rev": "38516a273cd801fc151f6c3a1ed5e95124f492f6",
        "type": "github"
      },
      "original": {
        "owner": "NixOS",
        "ref": "nixos-20.03",
        "repo": "nixpkgs",
        "type": "github"
      }
    },
    "nixpkgs_5": {
      "locked": {
        "lastModified": 1600952868,
        "narHash": "sha256-U1HfLLrV7gs2u0hU1YjU4aDGbTC1uYtxyNu2TWXKXMY=",
        "owner": "NixOS",
        "repo": "nixpkgs",
        "rev": "5659cb448e9b615d642c5fe52779c2223e72f7eb",
        "type": "github"
      },
      "original": {
        "owner": "NixOS",
        "ref": "nixos-20.03",
        "repo": "nixpkgs",
        "type": "github"
      }
    },
    "nixpkgs_6": {
      "locked": {
        "lastModified": 1642244250,
        "narHash": "sha256-vWpUEqQdVP4srj+/YLJRTN9vjpTs4je0cdWKXPbDItc=",
        "owner": "NixOS",
        "repo": "nixpkgs",
        "rev": "0fd9ee1aa36ce865ad273f4f07fdc093adeb5c00",
        "type": "github"
      },
      "original": {
        "owner": "NixOS",
        "ref": "nixos-21.05",
        "repo": "nixpkgs",
        "type": "github"
      }
    },
    "root": {
      "inputs": {
        "duckdns-update": "duckdns-update",
        "flake-utils": "flake-utils_2",
        "home-manager": "home-manager",
        "jgrestic": "jgrestic",
        "jgsysutil": "jgsysutil",
        "nixpkgs": "nixpkgs_6",
        "nixpkgs-unstable": "nixpkgs-unstable"
      }
    },
    "unicmake": {
      "inputs": {
        "flake-utils": "flake-utils_5",
        "nixpkgs": "nixpkgs_3"
      },
      "locked": {
        "lastModified": 1602445407,
        "narHash": "sha256-NANbwtyxvjybdRGWkZuXjpX8/9S0HdoNJFApLtrznTc=",
        "owner": "orangeturtle739",
        "repo": "unicmake",
        "rev": "d1d36fe8941071647aa5a52cdc8a04b5b88aa062",
        "type": "github"
      },
      "original": {
        "owner": "orangeturtle739",
        "repo": "unicmake",
        "type": "github"
      }
    },
    "unicmake_2": {
      "inputs": {
        "flake-utils": "flake-utils_8",
        "nixpkgs": "nixpkgs_5"
      },
      "locked": {
        "lastModified": 1602445407,
        "narHash": "sha256-NANbwtyxvjybdRGWkZuXjpX8/9S0HdoNJFApLtrznTc=",
        "owner": "orangeturtle739",
        "repo": "unicmake",
        "rev": "d1d36fe8941071647aa5a52cdc8a04b5b88aa062",
        "type": "github"
      },
      "original": {
        "owner": "orangeturtle739",
        "repo": "unicmake",
        "type": "github"
      }
    }
  },
  "root": "root",
  "version": 7
}
